
Microsoft Visual Studio Solution File, Format Version 12.00
# Visual Studio 15
VisualStudioVersion = 15.0.27703.2035
MinimumVisualStudioVersion = 10.0.40219.1
Project("{FAE04EC0-301F-11D3-BF4B-00C04F79EFBC}") = "SmartPayment", "SBSWeb\SmartPayment.csproj", "{6078E2A1-8955-4896-B9A0-F8AA9B0742F3}"
EndProject
Global
	GlobalSection(SolutionConfigurationPlatforms) = preSolution
		Debug|Any CPU = Debug|Any CPU
		Release|Any CPU = Release|Any CPU
	EndGlobalSection
	GlobalSection(ProjectConfigurationPlatforms) = postSolution
		{6078E2A1-8955-4896-B9A0-F8AA9B0742F3}.Debug|Any CPU.ActiveCfg = Debug|Any CPU
		{6078E2A1-8955-4896-B9A0-F8AA9B0742F3}.Debug|Any CPU.Build.0 = Debug|Any CPU
		{6078E2A1-8955-4896-B9A0-F8AA9B0742F3}.Release|Any CPU.ActiveCfg = Release|Any CPU
		{6078E2A1-8955-4896-B9A0-F8AA9B0742F3}.Release|Any CPU.Build.0 = Release|Any CPU
	EndGlobalSection
	GlobalSection(SolutionProperties) = preSolution
		HideSolutionNode = FALSE
	EndGlobalSection
	GlobalSection(ExtensibilityGlobals) = postSolution
		SolutionGuid = {4E0FC46B-C75E-43E1-86E2-B78ED5E22FB3}
	EndGlobalSection
EndGlobal
